// !$*UTF8*$!
{
	archiveVersion = 1;
	classes = {
	};
	objectVersion = 54;
	objects = {

/* Begin PBXBuildFile section */
		182B382E2628312C0069AF56 /* SKProduct-LocalizedPrice.swift in Sources */ = {isa = PBXBuildFile; fileRef = 182B382D2628312C0069AF56 /* SKProduct-LocalizedPrice.swift */; };
		182B3833262831CF0069AF56 /* PurchaseButton.swift in Sources */ = {isa = PBXBuildFile; fileRef = 182B3832262831CF0069AF56 /* PurchaseButton.swift */; };
		182B3838262832B50069AF56 /* ProductView.swift in Sources */ = {isa = PBXBuildFile; fileRef = 182B3837262832B50069AF56 /* ProductView.swift */; };
		182B38402628346B0069AF56 /* UnlockView.swift in Sources */ = {isa = PBXBuildFile; fileRef = 182B383F2628346B0069AF56 /* UnlockView.swift */; };
		182B384B26283DE80069AF56 /* Configuration.storekit in Resources */ = {isa = PBXBuildFile; fileRef = 18DAC67E2626EA3F0077EBE5 /* Configuration.storekit */; };
		1876089926147508006F67CD /* TasklyApp.swift in Sources */ = {isa = PBXBuildFile; fileRef = 1876089826147508006F67CD /* TasklyApp.swift */; };
		1876089B26147508006F67CD /* ContentView.swift in Sources */ = {isa = PBXBuildFile; fileRef = 1876089A26147508006F67CD /* ContentView.swift */; };
		1876089D26147509006F67CD /* Assets.xcassets in Resources */ = {isa = PBXBuildFile; fileRef = 1876089C26147509006F67CD /* Assets.xcassets */; };
		187608A026147509006F67CD /* Preview Assets.xcassets in Resources */ = {isa = PBXBuildFile; fileRef = 1876089F26147509006F67CD /* Preview Assets.xcassets */; };
		187608AA261475BC006F67CD /* Main.xcdatamodeld in Sources */ = {isa = PBXBuildFile; fileRef = 187608A8261475BC006F67CD /* Main.xcdatamodeld */; };
		187608AE26147705006F67CD /* DataController.swift in Sources */ = {isa = PBXBuildFile; fileRef = 187608AD26147705006F67CD /* DataController.swift */; };
		187608B126147A5D006F67CD /* HomeView.swift in Sources */ = {isa = PBXBuildFile; fileRef = 187608B026147A5D006F67CD /* HomeView.swift */; };
		187608B426147AED006F67CD /* ProjectsView.swift in Sources */ = {isa = PBXBuildFile; fileRef = 187608B326147AED006F67CD /* ProjectsView.swift */; };
		187608B726147E48006F67CD /* Task-CoreDataHelpers.swift in Sources */ = {isa = PBXBuildFile; fileRef = 187608B626147E48006F67CD /* Task-CoreDataHelpers.swift */; };
		187608BA26147F17006F67CD /* Project-CoreDataHelpers.swift in Sources */ = {isa = PBXBuildFile; fileRef = 187608B926147F17006F67CD /* Project-CoreDataHelpers.swift */; };
		187608BD261482FC006F67CD /* EditTaskView.swift in Sources */ = {isa = PBXBuildFile; fileRef = 187608BC261482FC006F67CD /* EditTaskView.swift */; };
		187608C0261484A2006F67CD /* TaskRowView.swift in Sources */ = {isa = PBXBuildFile; fileRef = 187608BF261484A2006F67CD /* TaskRowView.swift */; };
		187608C32614855D006F67CD /* Binding-OnChange.swift in Sources */ = {isa = PBXBuildFile; fileRef = 187608C22614855D006F67CD /* Binding-OnChange.swift */; };
		187608C92614882C006F67CD /* CloudKit.framework in Frameworks */ = {isa = PBXBuildFile; fileRef = 187608C82614882B006F67CD /* CloudKit.framework */; };
		187608CC2614898E006F67CD /* ProjectHeaderView.swift in Sources */ = {isa = PBXBuildFile; fileRef = 187608CB2614898E006F67CD /* ProjectHeaderView.swift */; };
		187608CF26148A72006F67CD /* Colors.xcassets in Resources */ = {isa = PBXBuildFile; fileRef = 187608CE26148A72006F67CD /* Colors.xcassets */; };
		187608D226148AB3006F67CD /* EditProjectView.swift in Sources */ = {isa = PBXBuildFile; fileRef = 187608D126148AB3006F67CD /* EditProjectView.swift */; };
		187608D92614CA05006F67CD /* Sequence-Sorting.swift in Sources */ = {isa = PBXBuildFile; fileRef = 187608D82614CA05006F67CD /* Sequence-Sorting.swift */; };
		187608DC2614D180006F67CD /* SelectSomethingView.swift in Sources */ = {isa = PBXBuildFile; fileRef = 187608DB2614D180006F67CD /* SelectSomethingView.swift */; };
		187608E22614D308006F67CD /* Award.swift in Sources */ = {isa = PBXBuildFile; fileRef = 187608E12614D308006F67CD /* Award.swift */; };
		187608E52614D324006F67CD /* Bundle-Decodable.swift in Sources */ = {isa = PBXBuildFile; fileRef = 187608E42614D324006F67CD /* Bundle-Decodable.swift */; };
		187608E82614D37A006F67CD /* AwardsView.swift in Sources */ = {isa = PBXBuildFile; fileRef = 187608E72614D37A006F67CD /* AwardsView.swift */; };
		187608EB2614D5A4006F67CD /* Color-Additions.swift in Sources */ = {isa = PBXBuildFile; fileRef = 187608EA2614D5A4006F67CD /* Color-Additions.swift */; };
		18847F6126151BE500E8DA39 /* Localizable.strings in Resources */ = {isa = PBXBuildFile; fileRef = 18847F6326151BE500E8DA39 /* Localizable.strings */; };
		18847F6826151C3F00E8DA39 /* Awards.json in Resources */ = {isa = PBXBuildFile; fileRef = 18847F6A26151C3F00E8DA39 /* Awards.json */; };
		18847F7126151C7700E8DA39 /* Localizable.stringsdict in Resources */ = {isa = PBXBuildFile; fileRef = 18847F7326151C7700E8DA39 /* Localizable.stringsdict */; };
		18A69540261DC469007F8FB4 /* AwardTests.swift in Sources */ = {isa = PBXBuildFile; fileRef = 18A6953F261DC469007F8FB4 /* AwardTests.swift */; };
		18A69544261DDA96007F8FB4 /* DevelopmentTests.swift in Sources */ = {isa = PBXBuildFile; fileRef = 18A69543261DDA96007F8FB4 /* DevelopmentTests.swift */; };
		18A69552261DE2E5007F8FB4 /* ExtensionTests.swift in Sources */ = {isa = PBXBuildFile; fileRef = 18A69551261DE2E5007F8FB4 /* ExtensionTests.swift */; };
		18A69557261DE869007F8FB4 /* DecodableDictionary.json in Resources */ = {isa = PBXBuildFile; fileRef = 18A69556261DE869007F8FB4 /* DecodableDictionary.json */; };
		18A6955D261DE890007F8FB4 /* DecodableString.json in Resources */ = {isa = PBXBuildFile; fileRef = 18A6955C261DE890007F8FB4 /* DecodableString.json */; };
		18A85882261D009500C16F22 /* TasklyTests.swift in Sources */ = {isa = PBXBuildFile; fileRef = 18A85881261D009500C16F22 /* TasklyTests.swift */; };
		18A8588C261D01F600C16F22 /* AssetTest.swift in Sources */ = {isa = PBXBuildFile; fileRef = 18A8588B261D01F600C16F22 /* AssetTest.swift */; };
		18C5BAC6261EE5CC00E4749B /* PerformanceTests.swift in Sources */ = {isa = PBXBuildFile; fileRef = 18C5BAC5261EE5CC00E4749B /* PerformanceTests.swift */; };
		18C5BAD4261EE9D100E4749B /* TasklyUITests.swift in Sources */ = {isa = PBXBuildFile; fileRef = 18C5BAD3261EE9D100E4749B /* TasklyUITests.swift */; };
		18DAC67A2626E8F00077EBE5 /* UnlockManager.swift in Sources */ = {isa = PBXBuildFile; fileRef = 18DAC6792626E8F00077EBE5 /* UnlockManager.swift */; };
		18E46414261B1C9C0064E111 /* TaskListView.swift in Sources */ = {isa = PBXBuildFile; fileRef = 18E46413261B1C9C0064E111 /* TaskListView.swift */; };
		18E46417261B1D660064E111 /* ProjectSummaryView.swift in Sources */ = {isa = PBXBuildFile; fileRef = 18E46416261B1D660064E111 /* ProjectSummaryView.swift */; };
		18F36CA6261DC176007BFE03 /* ProjectTests.swift in Sources */ = {isa = PBXBuildFile; fileRef = 18F36CA5261DC176007BFE03 /* ProjectTests.swift */; };
		18FDDAF42624A126000709ED /* ProjectsViewModel.swift in Sources */ = {isa = PBXBuildFile; fileRef = 18FDDAF32624A126000709ED /* ProjectsViewModel.swift */; };
		18FDDAFC2624AA85000709ED /* HomeViewModel.swift in Sources */ = {isa = PBXBuildFile; fileRef = 18FDDAFB2624AA85000709ED /* HomeViewModel.swift */; };
		18FDDB012624B89F000709ED /* TaskRowViewModel.swift in Sources */ = {isa = PBXBuildFile; fileRef = 18FDDB002624B89F000709ED /* TaskRowViewModel.swift */; };
/* End PBXBuildFile section */

/* Begin PBXContainerItemProxy section */
		18A85884261D009500C16F22 /* PBXContainerItemProxy */ = {
			isa = PBXContainerItemProxy;
			containerPortal = 1876088D26147508006F67CD /* Project object */;
			proxyType = 1;
			remoteGlobalIDString = 1876089426147508006F67CD;
			remoteInfo = Taskly;
		};
		18C5BAD6261EE9D100E4749B /* PBXContainerItemProxy */ = {
			isa = PBXContainerItemProxy;
			containerPortal = 1876088D26147508006F67CD /* Project object */;
			proxyType = 1;
			remoteGlobalIDString = 1876089426147508006F67CD;
			remoteInfo = Taskly;
		};
/* End PBXContainerItemProxy section */

/* Begin PBXFileReference section */
		18010FB12A67BD43008527A2 /* it */ = {isa = PBXFileReference; lastKnownFileType = text.json; name = it; path = it.lproj/Awards.json; sourceTree = "<group>"; };
		18010FB22A67BD44008527A2 /* it */ = {isa = PBXFileReference; lastKnownFileType = text.plist.strings; name = it; path = it.lproj/Localizable.strings; sourceTree = "<group>"; };
		18010FB32A67BD44008527A2 /* it */ = {isa = PBXFileReference; lastKnownFileType = text.plist.stringsdict; name = it; path = it.lproj/Localizable.stringsdict; sourceTree = "<group>"; };
		182B382D2628312C0069AF56 /* SKProduct-LocalizedPrice.swift */ = {isa = PBXFileReference; lastKnownFileType = sourcecode.swift; path = "SKProduct-LocalizedPrice.swift"; sourceTree = "<group>"; };
		182B3832262831CF0069AF56 /* PurchaseButton.swift */ = {isa = PBXFileReference; lastKnownFileType = sourcecode.swift; path = PurchaseButton.swift; sourceTree = "<group>"; };
		182B3837262832B50069AF56 /* ProductView.swift */ = {isa = PBXFileReference; lastKnownFileType = sourcecode.swift; path = ProductView.swift; sourceTree = "<group>"; };
		182B383F2628346B0069AF56 /* UnlockView.swift */ = {isa = PBXFileReference; lastKnownFileType = sourcecode.swift; path = UnlockView.swift; sourceTree = "<group>"; };
		1876089526147508006F67CD /* Taskly.app */ = {isa = PBXFileReference; explicitFileType = wrapper.application; includeInIndex = 0; path = Taskly.app; sourceTree = BUILT_PRODUCTS_DIR; };
		1876089826147508006F67CD /* TasklyApp.swift */ = {isa = PBXFileReference; lastKnownFileType = sourcecode.swift; path = TasklyApp.swift; sourceTree = "<group>"; };
		1876089A26147508006F67CD /* ContentView.swift */ = {isa = PBXFileReference; lastKnownFileType = sourcecode.swift; path = ContentView.swift; sourceTree = "<group>"; };
		1876089C26147509006F67CD /* Assets.xcassets */ = {isa = PBXFileReference; lastKnownFileType = folder.assetcatalog; path = Assets.xcassets; sourceTree = "<group>"; };
		1876089F26147509006F67CD /* Preview Assets.xcassets */ = {isa = PBXFileReference; lastKnownFileType = folder.assetcatalog; path = "Preview Assets.xcassets"; sourceTree = "<group>"; };
		187608A126147509006F67CD /* Info.plist */ = {isa = PBXFileReference; lastKnownFileType = text.plist.xml; path = Info.plist; sourceTree = "<group>"; };
		187608A9261475BC006F67CD /* Main.xcdatamodel */ = {isa = PBXFileReference; lastKnownFileType = wrapper.xcdatamodel; path = Main.xcdatamodel; sourceTree = "<group>"; };
		187608AD26147705006F67CD /* DataController.swift */ = {isa = PBXFileReference; lastKnownFileType = sourcecode.swift; path = DataController.swift; sourceTree = "<group>"; };
		187608B026147A5D006F67CD /* HomeView.swift */ = {isa = PBXFileReference; lastKnownFileType = sourcecode.swift; path = HomeView.swift; sourceTree = "<group>"; };
		187608B326147AED006F67CD /* ProjectsView.swift */ = {isa = PBXFileReference; lastKnownFileType = sourcecode.swift; path = ProjectsView.swift; sourceTree = "<group>"; };
		187608B626147E48006F67CD /* Task-CoreDataHelpers.swift */ = {isa = PBXFileReference; lastKnownFileType = sourcecode.swift; path = "Task-CoreDataHelpers.swift"; sourceTree = "<group>"; };
		187608B926147F17006F67CD /* Project-CoreDataHelpers.swift */ = {isa = PBXFileReference; lastKnownFileType = sourcecode.swift; path = "Project-CoreDataHelpers.swift"; sourceTree = "<group>"; };
		187608BC261482FC006F67CD /* EditTaskView.swift */ = {isa = PBXFileReference; lastKnownFileType = sourcecode.swift; path = EditTaskView.swift; sourceTree = "<group>"; };
		187608BF261484A2006F67CD /* TaskRowView.swift */ = {isa = PBXFileReference; lastKnownFileType = sourcecode.swift; path = TaskRowView.swift; sourceTree = "<group>"; };
		187608C22614855D006F67CD /* Binding-OnChange.swift */ = {isa = PBXFileReference; lastKnownFileType = sourcecode.swift; path = "Binding-OnChange.swift"; sourceTree = "<group>"; };
		187608C526148827006F67CD /* Taskly.entitlements */ = {isa = PBXFileReference; lastKnownFileType = text.plist.entitlements; path = Taskly.entitlements; sourceTree = "<group>"; };
		187608C82614882B006F67CD /* CloudKit.framework */ = {isa = PBXFileReference; lastKnownFileType = wrapper.framework; name = CloudKit.framework; path = System/Library/Frameworks/CloudKit.framework; sourceTree = SDKROOT; };
		187608CB2614898E006F67CD /* ProjectHeaderView.swift */ = {isa = PBXFileReference; lastKnownFileType = sourcecode.swift; path = ProjectHeaderView.swift; sourceTree = "<group>"; };
		187608CE26148A72006F67CD /* Colors.xcassets */ = {isa = PBXFileReference; lastKnownFileType = folder.assetcatalog; path = Colors.xcassets; sourceTree = "<group>"; };
		187608D126148AB3006F67CD /* EditProjectView.swift */ = {isa = PBXFileReference; lastKnownFileType = sourcecode.swift; path = EditProjectView.swift; sourceTree = "<group>"; };
		187608D82614CA05006F67CD /* Sequence-Sorting.swift */ = {isa = PBXFileReference; lastKnownFileType = sourcecode.swift; path = "Sequence-Sorting.swift"; sourceTree = "<group>"; };
		187608DB2614D180006F67CD /* SelectSomethingView.swift */ = {isa = PBXFileReference; lastKnownFileType = sourcecode.swift; path = SelectSomethingView.swift; sourceTree = "<group>"; };
		187608E12614D308006F67CD /* Award.swift */ = {isa = PBXFileReference; lastKnownFileType = sourcecode.swift; path = Award.swift; sourceTree = "<group>"; };
		187608E42614D324006F67CD /* Bundle-Decodable.swift */ = {isa = PBXFileReference; lastKnownFileType = sourcecode.swift; path = "Bundle-Decodable.swift"; sourceTree = "<group>"; };
		187608E72614D37A006F67CD /* AwardsView.swift */ = {isa = PBXFileReference; lastKnownFileType = sourcecode.swift; path = AwardsView.swift; sourceTree = "<group>"; };
		187608EA2614D5A4006F67CD /* Color-Additions.swift */ = {isa = PBXFileReference; lastKnownFileType = sourcecode.swift; path = "Color-Additions.swift"; sourceTree = "<group>"; };
		18847F6226151BE500E8DA39 /* en */ = {isa = PBXFileReference; lastKnownFileType = text.plist.strings; name = en; path = en.lproj/Localizable.strings; sourceTree = "<group>"; };
		18847F6726151C1B00E8DA39 /* hu */ = {isa = PBXFileReference; lastKnownFileType = text.plist.strings; name = hu; path = hu.lproj/Localizable.strings; sourceTree = "<group>"; };
		18847F6926151C3F00E8DA39 /* en */ = {isa = PBXFileReference; lastKnownFileType = text.json; name = en; path = en.lproj/Awards.json; sourceTree = "<group>"; };
		18847F6C26151C4400E8DA39 /* hu */ = {isa = PBXFileReference; lastKnownFileType = text.json; name = hu; path = hu.lproj/Awards.json; sourceTree = "<group>"; };
		18847F7226151C7700E8DA39 /* en */ = {isa = PBXFileReference; lastKnownFileType = text.plist.stringsdict; name = en; path = en.lproj/Localizable.stringsdict; sourceTree = "<group>"; };
		18847F7526151C7A00E8DA39 /* hu */ = {isa = PBXFileReference; lastKnownFileType = text.plist.stringsdict; name = hu; path = hu.lproj/Localizable.stringsdict; sourceTree = "<group>"; };
		18A6953F261DC469007F8FB4 /* AwardTests.swift */ = {isa = PBXFileReference; lastKnownFileType = sourcecode.swift; path = AwardTests.swift; sourceTree = "<group>"; };
		18A69543261DDA96007F8FB4 /* DevelopmentTests.swift */ = {isa = PBXFileReference; lastKnownFileType = sourcecode.swift; path = DevelopmentTests.swift; sourceTree = "<group>"; };
		18A69551261DE2E5007F8FB4 /* ExtensionTests.swift */ = {isa = PBXFileReference; lastKnownFileType = sourcecode.swift; path = ExtensionTests.swift; sourceTree = "<group>"; };
		18A69556261DE869007F8FB4 /* DecodableDictionary.json */ = {isa = PBXFileReference; lastKnownFileType = text.json; path = DecodableDictionary.json; sourceTree = "<group>"; };
		18A6955C261DE890007F8FB4 /* DecodableString.json */ = {isa = PBXFileReference; lastKnownFileType = text.json; path = DecodableString.json; sourceTree = "<group>"; };
		18A8587F261D009500C16F22 /* TasklyTests.xctest */ = {isa = PBXFileReference; explicitFileType = wrapper.cfbundle; includeInIndex = 0; path = TasklyTests.xctest; sourceTree = BUILT_PRODUCTS_DIR; };
		18A85881261D009500C16F22 /* TasklyTests.swift */ = {isa = PBXFileReference; lastKnownFileType = sourcecode.swift; path = TasklyTests.swift; sourceTree = "<group>"; };
		18A85883261D009500C16F22 /* Info.plist */ = {isa = PBXFileReference; lastKnownFileType = text.plist.xml; path = Info.plist; sourceTree = "<group>"; };
		18A8588B261D01F600C16F22 /* AssetTest.swift */ = {isa = PBXFileReference; lastKnownFileType = sourcecode.swift; path = AssetTest.swift; sourceTree = "<group>"; };
		18C5BAC5261EE5CC00E4749B /* PerformanceTests.swift */ = {isa = PBXFileReference; lastKnownFileType = sourcecode.swift; path = PerformanceTests.swift; sourceTree = "<group>"; };
		18C5BAD1261EE9D100E4749B /* TasklyUITests.xctest */ = {isa = PBXFileReference; explicitFileType = wrapper.cfbundle; includeInIndex = 0; path = TasklyUITests.xctest; sourceTree = BUILT_PRODUCTS_DIR; };
		18C5BAD3261EE9D100E4749B /* TasklyUITests.swift */ = {isa = PBXFileReference; lastKnownFileType = sourcecode.swift; path = TasklyUITests.swift; sourceTree = "<group>"; };
		18C5BAD5261EE9D100E4749B /* Info.plist */ = {isa = PBXFileReference; lastKnownFileType = text.plist.xml; path = Info.plist; sourceTree = "<group>"; };
		18DAC6792626E8F00077EBE5 /* UnlockManager.swift */ = {isa = PBXFileReference; lastKnownFileType = sourcecode.swift; path = UnlockManager.swift; sourceTree = "<group>"; };
		18DAC67E2626EA3F0077EBE5 /* Configuration.storekit */ = {isa = PBXFileReference; lastKnownFileType = text; path = Configuration.storekit; sourceTree = "<group>"; };
		18E46413261B1C9C0064E111 /* TaskListView.swift */ = {isa = PBXFileReference; lastKnownFileType = sourcecode.swift; path = TaskListView.swift; sourceTree = "<group>"; };
		18E46416261B1D660064E111 /* ProjectSummaryView.swift */ = {isa = PBXFileReference; lastKnownFileType = sourcecode.swift; path = ProjectSummaryView.swift; sourceTree = "<group>"; };
		18F36CA5261DC176007BFE03 /* ProjectTests.swift */ = {isa = PBXFileReference; lastKnownFileType = sourcecode.swift; path = ProjectTests.swift; sourceTree = "<group>"; };
		18FDDAF32624A126000709ED /* ProjectsViewModel.swift */ = {isa = PBXFileReference; lastKnownFileType = sourcecode.swift; path = ProjectsViewModel.swift; sourceTree = "<group>"; };
		18FDDAFB2624AA85000709ED /* HomeViewModel.swift */ = {isa = PBXFileReference; lastKnownFileType = sourcecode.swift; path = HomeViewModel.swift; sourceTree = "<group>"; };
		18FDDB002624B89F000709ED /* TaskRowViewModel.swift */ = {isa = PBXFileReference; lastKnownFileType = sourcecode.swift; path = TaskRowViewModel.swift; sourceTree = "<group>"; };
/* End PBXFileReference section */

/* Begin PBXFrameworksBuildPhase section */
		1876089226147508006F67CD /* Frameworks */ = {
			isa = PBXFrameworksBuildPhase;
			buildActionMask = 2147483647;
			files = (
				187608C92614882C006F67CD /* CloudKit.framework in Frameworks */,
			);
			runOnlyForDeploymentPostprocessing = 0;
		};
		18A8587C261D009500C16F22 /* Frameworks */ = {
			isa = PBXFrameworksBuildPhase;
			buildActionMask = 2147483647;
			files = (
			);
			runOnlyForDeploymentPostprocessing = 0;
		};
		18C5BACE261EE9D100E4749B /* Frameworks */ = {
			isa = PBXFrameworksBuildPhase;
			buildActionMask = 2147483647;
			files = (
			);
			runOnlyForDeploymentPostprocessing = 0;
		};
/* End PBXFrameworksBuildPhase section */

/* Begin PBXGroup section */
		182B384426283BF70069AF56 /* Unlock */ = {
			isa = PBXGroup;
			children = (
				182B3837262832B50069AF56 /* ProductView.swift */,
				182B3832262831CF0069AF56 /* PurchaseButton.swift */,
				18DAC6792626E8F00077EBE5 /* UnlockManager.swift */,
				182B383F2628346B0069AF56 /* UnlockView.swift */,
			);
			path = Unlock;
			sourceTree = "<group>";
		};
		1876088C26147508006F67CD = {
			isa = PBXGroup;
			children = (
				1876089726147508006F67CD /* Taskly */,
				18A85880261D009500C16F22 /* TasklyTests */,
				18C5BAD2261EE9D100E4749B /* TasklyUITests */,
				1876089626147508006F67CD /* Products */,
				187608C72614882B006F67CD /* Frameworks */,
			);
			sourceTree = "<group>";
		};
		1876089626147508006F67CD /* Products */ = {
			isa = PBXGroup;
			children = (
				1876089526147508006F67CD /* Taskly.app */,
				18A8587F261D009500C16F22 /* TasklyTests.xctest */,
				18C5BAD1261EE9D100E4749B /* TasklyUITests.xctest */,
			);
			name = Products;
			sourceTree = "<group>";
		};
		1876089726147508006F67CD /* Taskly */ = {
			isa = PBXGroup;
			children = (
				187608C526148827006F67CD /* Taskly.entitlements */,
				1876089826147508006F67CD /* TasklyApp.swift */,
				1876089A26147508006F67CD /* ContentView.swift */,
				187608AD26147705006F67CD /* DataController.swift */,
				18A8586C261CFB9E00C16F22 /* Tabs */,
				18A85870261CFCAA00C16F22 /* Extensions */,
				18A85876261CFD4F00C16F22 /* Localization */,
				1876089C26147509006F67CD /* Assets.xcassets */,
				187608CE26148A72006F67CD /* Colors.xcassets */,
				18DAC67E2626EA3F0077EBE5 /* Configuration.storekit */,
				187608A126147509006F67CD /* Info.plist */,
				187608A8261475BC006F67CD /* Main.xcdatamodeld */,
				1876089E26147509006F67CD /* Preview Content */,
			);
			path = Taskly;
			sourceTree = "<group>";
		};
		1876089E26147509006F67CD /* Preview Content */ = {
			isa = PBXGroup;
			children = (
				1876089F26147509006F67CD /* Preview Assets.xcassets */,
			);
			path = "Preview Content";
			sourceTree = "<group>";
		};
		187608C72614882B006F67CD /* Frameworks */ = {
			isa = PBXGroup;
			children = (
				187608C82614882B006F67CD /* CloudKit.framework */,
			);
			name = Frameworks;
			sourceTree = "<group>";
		};
		18A69555261DE844007F8FB4 /* Fixtures */ = {
			isa = PBXGroup;
			children = (
				18A69556261DE869007F8FB4 /* DecodableDictionary.json */,
				18A6955C261DE890007F8FB4 /* DecodableString.json */,
			);
			path = Fixtures;
			sourceTree = "<group>";
		};
		18A8586C261CFB9E00C16F22 /* Tabs */ = {
			isa = PBXGroup;
			children = (
				18A8586D261CFC0200C16F22 /* Home */,
				18A8586E261CFC0800C16F22 /* Projects */,
				18A8586F261CFC1A00C16F22 /* Awards */,
				182B384426283BF70069AF56 /* Unlock */,
			);
			path = Tabs;
			sourceTree = "<group>";
		};
		18A8586D261CFC0200C16F22 /* Home */ = {
			isa = PBXGroup;
			children = (
				187608B026147A5D006F67CD /* HomeView.swift */,
				18FDDAFB2624AA85000709ED /* HomeViewModel.swift */,
				18E46416261B1D660064E111 /* ProjectSummaryView.swift */,
				18E46413261B1C9C0064E111 /* TaskListView.swift */,
			);
			path = Home;
			sourceTree = "<group>";
		};
		18A8586E261CFC0800C16F22 /* Projects */ = {
			isa = PBXGroup;
			children = (
				187608B326147AED006F67CD /* ProjectsView.swift */,
				18FDDAF32624A126000709ED /* ProjectsViewModel.swift */,
				187608CB2614898E006F67CD /* ProjectHeaderView.swift */,
				187608D126148AB3006F67CD /* EditProjectView.swift */,
				187608BF261484A2006F67CD /* TaskRowView.swift */,
				18FDDB002624B89F000709ED /* TaskRowViewModel.swift */,
				187608BC261482FC006F67CD /* EditTaskView.swift */,
				187608DB2614D180006F67CD /* SelectSomethingView.swift */,
			);
			path = Projects;
			sourceTree = "<group>";
		};
		18A8586F261CFC1A00C16F22 /* Awards */ = {
			isa = PBXGroup;
			children = (
				187608E72614D37A006F67CD /* AwardsView.swift */,
				187608E12614D308006F67CD /* Award.swift */,
				18847F6A26151C3F00E8DA39 /* Awards.json */,
			);
			path = Awards;
			sourceTree = "<group>";
		};
		18A85870261CFCAA00C16F22 /* Extensions */ = {
			isa = PBXGroup;
			children = (
				187608C22614855D006F67CD /* Binding-OnChange.swift */,
				187608E42614D324006F67CD /* Bundle-Decodable.swift */,
				187608EA2614D5A4006F67CD /* Color-Additions.swift */,
				187608B926147F17006F67CD /* Project-CoreDataHelpers.swift */,
				187608B626147E48006F67CD /* Task-CoreDataHelpers.swift */,
				187608D82614CA05006F67CD /* Sequence-Sorting.swift */,
				182B382D2628312C0069AF56 /* SKProduct-LocalizedPrice.swift */,
			);
			name = Extensions;
			sourceTree = "<group>";
		};
		18A85876261CFD4F00C16F22 /* Localization */ = {
			isa = PBXGroup;
			children = (
				18847F6326151BE500E8DA39 /* Localizable.strings */,
				18847F7326151C7700E8DA39 /* Localizable.stringsdict */,
			);
			path = Localization;
			sourceTree = "<group>";
		};
		18A85880261D009500C16F22 /* TasklyTests */ = {
			isa = PBXGroup;
			children = (
				18A69555261DE844007F8FB4 /* Fixtures */,
				18A8588B261D01F600C16F22 /* AssetTest.swift */,
				18A6953F261DC469007F8FB4 /* AwardTests.swift */,
				18A69543261DDA96007F8FB4 /* DevelopmentTests.swift */,
				18A69551261DE2E5007F8FB4 /* ExtensionTests.swift */,
				18C5BAC5261EE5CC00E4749B /* PerformanceTests.swift */,
				18F36CA5261DC176007BFE03 /* ProjectTests.swift */,
				18A85881261D009500C16F22 /* TasklyTests.swift */,
				18A85883261D009500C16F22 /* Info.plist */,
			);
			path = TasklyTests;
			sourceTree = "<group>";
		};
		18C5BAD2261EE9D100E4749B /* TasklyUITests */ = {
			isa = PBXGroup;
			children = (
				18C5BAD3261EE9D100E4749B /* TasklyUITests.swift */,
				18C5BAD5261EE9D100E4749B /* Info.plist */,
			);
			path = TasklyUITests;
			sourceTree = "<group>";
		};
/* End PBXGroup section */

/* Begin PBXNativeTarget section */
		1876089426147508006F67CD /* Taskly */ = {
			isa = PBXNativeTarget;
			buildConfigurationList = 187608A426147509006F67CD /* Build configuration list for PBXNativeTarget "Taskly" */;
			buildPhases = (
				1876089126147508006F67CD /* Sources */,
				1876089226147508006F67CD /* Frameworks */,
				1876089326147508006F67CD /* Resources */,
			);
			buildRules = (
			);
			dependencies = (
			);
			name = Taskly;
			productName = Taskly;
			productReference = 1876089526147508006F67CD /* Taskly.app */;
			productType = "com.apple.product-type.application";
		};
		18A8587E261D009500C16F22 /* TasklyTests */ = {
			isa = PBXNativeTarget;
			buildConfigurationList = 18A85886261D009500C16F22 /* Build configuration list for PBXNativeTarget "TasklyTests" */;
			buildPhases = (
				18A8587B261D009500C16F22 /* Sources */,
				18A8587C261D009500C16F22 /* Frameworks */,
				18A8587D261D009500C16F22 /* Resources */,
			);
			buildRules = (
			);
			dependencies = (
				18A85885261D009500C16F22 /* PBXTargetDependency */,
			);
			name = TasklyTests;
			productName = TasklyTests;
			productReference = 18A8587F261D009500C16F22 /* TasklyTests.xctest */;
			productType = "com.apple.product-type.bundle.unit-test";
		};
		18C5BAD0261EE9D100E4749B /* TasklyUITests */ = {
			isa = PBXNativeTarget;
			buildConfigurationList = 18C5BAD8261EE9D100E4749B /* Build configuration list for PBXNativeTarget "TasklyUITests" */;
			buildPhases = (
				18C5BACD261EE9D100E4749B /* Sources */,
				18C5BACE261EE9D100E4749B /* Frameworks */,
				18C5BACF261EE9D100E4749B /* Resources */,
			);
			buildRules = (
			);
			dependencies = (
				18C5BAD7261EE9D100E4749B /* PBXTargetDependency */,
			);
			name = TasklyUITests;
			productName = TasklyUITests;
			productReference = 18C5BAD1261EE9D100E4749B /* TasklyUITests.xctest */;
			productType = "com.apple.product-type.bundle.ui-testing";
		};
/* End PBXNativeTarget section */

/* Begin PBXProject section */
		1876088D26147508006F67CD /* Project object */ = {
			isa = PBXProject;
			attributes = {
				BuildIndependentTargetsInParallel = YES;
				LastSwiftUpdateCheck = 1240;
				LastUpgradeCheck = 1430;
				TargetAttributes = {
					1876089426147508006F67CD = {
						CreatedOnToolsVersion = 12.4;
					};
					18A8587E261D009500C16F22 = {
						CreatedOnToolsVersion = 12.4;
						TestTargetID = 1876089426147508006F67CD;
					};
					18C5BAD0261EE9D100E4749B = {
						CreatedOnToolsVersion = 12.4;
						TestTargetID = 1876089426147508006F67CD;
					};
				};
			};
			buildConfigurationList = 1876089026147508006F67CD /* Build configuration list for PBXProject "Taskly" */;
			compatibilityVersion = "Xcode 9.3";
			developmentRegion = en;
			hasScannedForEncodings = 0;
			knownRegions = (
				en,
				Base,
				hu,
				it,
			);
			mainGroup = 1876088C26147508006F67CD;
			productRefGroup = 1876089626147508006F67CD /* Products */;
			projectDirPath = "";
			projectRoot = "";
			targets = (
				1876089426147508006F67CD /* Taskly */,
				18A8587E261D009500C16F22 /* TasklyTests */,
				18C5BAD0261EE9D100E4749B /* TasklyUITests */,
			);
		};
/* End PBXProject section */

/* Begin PBXResourcesBuildPhase section */
		1876089326147508006F67CD /* Resources */ = {
			isa = PBXResourcesBuildPhase;
			buildActionMask = 2147483647;
			files = (
				182B384B26283DE80069AF56 /* Configuration.storekit in Resources */,
				18847F6126151BE500E8DA39 /* Localizable.strings in Resources */,
				187608CF26148A72006F67CD /* Colors.xcassets in Resources */,
				18847F6826151C3F00E8DA39 /* Awards.json in Resources */,
				187608A026147509006F67CD /* Preview Assets.xcassets in Resources */,
				1876089D26147509006F67CD /* Assets.xcassets in Resources */,
				18847F7126151C7700E8DA39 /* Localizable.stringsdict in Resources */,
			);
			runOnlyForDeploymentPostprocessing = 0;
		};
		18A8587D261D009500C16F22 /* Resources */ = {
			isa = PBXResourcesBuildPhase;
			buildActionMask = 2147483647;
			files = (
				18A6955D261DE890007F8FB4 /* DecodableString.json in Resources */,
				18A69557261DE869007F8FB4 /* DecodableDictionary.json in Resources */,
			);
			runOnlyForDeploymentPostprocessing = 0;
		};
		18C5BACF261EE9D100E4749B /* Resources */ = {
			isa = PBXResourcesBuildPhase;
			buildActionMask = 2147483647;
			files = (
			);
			runOnlyForDeploymentPostprocessing = 0;
		};
/* End PBXResourcesBuildPhase section */

/* Begin PBXSourcesBuildPhase section */
		1876089126147508006F67CD /* Sources */ = {
			isa = PBXSourcesBuildPhase;
			buildActionMask = 2147483647;
			files = (
				187608C0261484A2006F67CD /* TaskRowView.swift in Sources */,
				18E46417261B1D660064E111 /* ProjectSummaryView.swift in Sources */,
				182B3833262831CF0069AF56 /* PurchaseButton.swift in Sources */,
				187608CC2614898E006F67CD /* ProjectHeaderView.swift in Sources */,
				182B3838262832B50069AF56 /* ProductView.swift in Sources */,
				187608E82614D37A006F67CD /* AwardsView.swift in Sources */,
				187608BD261482FC006F67CD /* EditTaskView.swift in Sources */,
				18FDDAFC2624AA85000709ED /* HomeViewModel.swift in Sources */,
				18DAC67A2626E8F00077EBE5 /* UnlockManager.swift in Sources */,
				187608B726147E48006F67CD /* Task-CoreDataHelpers.swift in Sources */,
				187608EB2614D5A4006F67CD /* Color-Additions.swift in Sources */,
				18FDDB012624B89F000709ED /* TaskRowViewModel.swift in Sources */,
				187608D226148AB3006F67CD /* EditProjectView.swift in Sources */,
				18E46414261B1C9C0064E111 /* TaskListView.swift in Sources */,
				187608E22614D308006F67CD /* Award.swift in Sources */,
				187608E52614D324006F67CD /* Bundle-Decodable.swift in Sources */,
				182B38402628346B0069AF56 /* UnlockView.swift in Sources */,
				187608B426147AED006F67CD /* ProjectsView.swift in Sources */,
				187608DC2614D180006F67CD /* SelectSomethingView.swift in Sources */,
				187608BA26147F17006F67CD /* Project-CoreDataHelpers.swift in Sources */,
				187608AA261475BC006F67CD /* Main.xcdatamodeld in Sources */,
				187608C32614855D006F67CD /* Binding-OnChange.swift in Sources */,
				187608D92614CA05006F67CD /* Sequence-Sorting.swift in Sources */,
				187608AE26147705006F67CD /* DataController.swift in Sources */,
				1876089B26147508006F67CD /* ContentView.swift in Sources */,
				187608B126147A5D006F67CD /* HomeView.swift in Sources */,
				182B382E2628312C0069AF56 /* SKProduct-LocalizedPrice.swift in Sources */,
				18FDDAF42624A126000709ED /* ProjectsViewModel.swift in Sources */,
				1876089926147508006F67CD /* TasklyApp.swift in Sources */,
			);
			runOnlyForDeploymentPostprocessing = 0;
		};
		18A8587B261D009500C16F22 /* Sources */ = {
			isa = PBXSourcesBuildPhase;
			buildActionMask = 2147483647;
			files = (
				18C5BAC6261EE5CC00E4749B /* PerformanceTests.swift in Sources */,
				18A8588C261D01F600C16F22 /* AssetTest.swift in Sources */,
				18A69540261DC469007F8FB4 /* AwardTests.swift in Sources */,
				18A85882261D009500C16F22 /* TasklyTests.swift in Sources */,
				18A69552261DE2E5007F8FB4 /* ExtensionTests.swift in Sources */,
				18F36CA6261DC176007BFE03 /* ProjectTests.swift in Sources */,
				18A69544261DDA96007F8FB4 /* DevelopmentTests.swift in Sources */,
			);
			runOnlyForDeploymentPostprocessing = 0;
		};
		18C5BACD261EE9D100E4749B /* Sources */ = {
			isa = PBXSourcesBuildPhase;
			buildActionMask = 2147483647;
			files = (
				18C5BAD4261EE9D100E4749B /* TasklyUITests.swift in Sources */,
			);
			runOnlyForDeploymentPostprocessing = 0;
		};
/* End PBXSourcesBuildPhase section */

/* Begin PBXTargetDependency section */
		18A85885261D009500C16F22 /* PBXTargetDependency */ = {
			isa = PBXTargetDependency;
			target = 1876089426147508006F67CD /* Taskly */;
			targetProxy = 18A85884261D009500C16F22 /* PBXContainerItemProxy */;
		};
		18C5BAD7261EE9D100E4749B /* PBXTargetDependency */ = {
			isa = PBXTargetDependency;
			target = 1876089426147508006F67CD /* Taskly */;
			targetProxy = 18C5BAD6261EE9D100E4749B /* PBXContainerItemProxy */;
		};
/* End PBXTargetDependency section */

/* Begin PBXVariantGroup section */
		18847F6326151BE500E8DA39 /* Localizable.strings */ = {
			isa = PBXVariantGroup;
			children = (
				18847F6226151BE500E8DA39 /* en */,
				18847F6726151C1B00E8DA39 /* hu */,
				18010FB22A67BD44008527A2 /* it */,
			);
			name = Localizable.strings;
			sourceTree = "<group>";
		};
		18847F6A26151C3F00E8DA39 /* Awards.json */ = {
			isa = PBXVariantGroup;
			children = (
				18847F6926151C3F00E8DA39 /* en */,
				18847F6C26151C4400E8DA39 /* hu */,
				18010FB12A67BD43008527A2 /* it */,
			);
			name = Awards.json;
			sourceTree = "<group>";
		};
		18847F7326151C7700E8DA39 /* Localizable.stringsdict */ = {
			isa = PBXVariantGroup;
			children = (
				18847F7226151C7700E8DA39 /* en */,
				18847F7526151C7A00E8DA39 /* hu */,
				18010FB32A67BD44008527A2 /* it */,
			);
			name = Localizable.stringsdict;
			sourceTree = "<group>";
		};
/* End PBXVariantGroup section */

/* Begin XCBuildConfiguration section */
		187608A226147509006F67CD /* Debug */ = {
			isa = XCBuildConfiguration;
			buildSettings = {
				ALWAYS_SEARCH_USER_PATHS = NO;
				CLANG_ANALYZER_LOCALIZABILITY_NONLOCALIZED = YES;
				CLANG_ANALYZER_NONNULL = YES;
				CLANG_ANALYZER_NUMBER_OBJECT_CONVERSION = YES_AGGRESSIVE;
				CLANG_CXX_LANGUAGE_STANDARD = "gnu++14";
				CLANG_CXX_LIBRARY = "libc++";
				CLANG_ENABLE_MODULES = YES;
				CLANG_ENABLE_OBJC_ARC = YES;
				CLANG_ENABLE_OBJC_WEAK = YES;
				CLANG_WARN_BLOCK_CAPTURE_AUTORELEASING = YES;
				CLANG_WARN_BOOL_CONVERSION = YES;
				CLANG_WARN_COMMA = YES;
				CLANG_WARN_CONSTANT_CONVERSION = YES;
				CLANG_WARN_DEPRECATED_OBJC_IMPLEMENTATIONS = YES;
				CLANG_WARN_DIRECT_OBJC_ISA_USAGE = YES_ERROR;
				CLANG_WARN_DOCUMENTATION_COMMENTS = YES;
				CLANG_WARN_EMPTY_BODY = YES;
				CLANG_WARN_ENUM_CONVERSION = YES;
				CLANG_WARN_INFINITE_RECURSION = YES;
				CLANG_WARN_INT_CONVERSION = YES;
				CLANG_WARN_NON_LITERAL_NULL_CONVERSION = YES;
				CLANG_WARN_OBJC_IMPLICIT_RETAIN_SELF = YES;
				CLANG_WARN_OBJC_LITERAL_CONVERSION = YES;
				CLANG_WARN_OBJC_ROOT_CLASS = YES_ERROR;
				CLANG_WARN_QUOTED_INCLUDE_IN_FRAMEWORK_HEADER = YES;
				CLANG_WARN_RANGE_LOOP_ANALYSIS = YES;
				CLANG_WARN_STRICT_PROTOTYPES = YES;
				CLANG_WARN_SUSPICIOUS_MOVE = YES;
				CLANG_WARN_UNGUARDED_AVAILABILITY = YES_AGGRESSIVE;
				CLANG_WARN_UNREACHABLE_CODE = YES;
				CLANG_WARN__DUPLICATE_METHOD_MATCH = YES;
				COPY_PHASE_STRIP = NO;
				DEBUG_INFORMATION_FORMAT = dwarf;
				ENABLE_STRICT_OBJC_MSGSEND = YES;
				ENABLE_TESTABILITY = YES;
				GCC_C_LANGUAGE_STANDARD = gnu11;
				GCC_DYNAMIC_NO_PIC = NO;
				GCC_NO_COMMON_BLOCKS = YES;
				GCC_OPTIMIZATION_LEVEL = 0;
				GCC_PREPROCESSOR_DEFINITIONS = (
					"DEBUG=1",
					"$(inherited)",
				);
				GCC_WARN_64_TO_32_BIT_CONVERSION = YES;
				GCC_WARN_ABOUT_RETURN_TYPE = YES_ERROR;
				GCC_WARN_UNDECLARED_SELECTOR = YES;
				GCC_WARN_UNINITIALIZED_AUTOS = YES_AGGRESSIVE;
				GCC_WARN_UNUSED_FUNCTION = YES;
				GCC_WARN_UNUSED_VARIABLE = YES;
				IPHONEOS_DEPLOYMENT_TARGET = 14.0;
				MTL_ENABLE_DEBUG_INFO = INCLUDE_SOURCE;
				MTL_FAST_MATH = YES;
				ONLY_ACTIVE_ARCH = YES;
				SDKROOT = iphoneos;
				SWIFT_ACTIVE_COMPILATION_CONDITIONS = DEBUG;
				SWIFT_OPTIMIZATION_LEVEL = "-Onone";
			};
			name = Debug;
		};
		187608A326147509006F67CD /* Release */ = {
			isa = XCBuildConfiguration;
			buildSettings = {
				ALWAYS_SEARCH_USER_PATHS = NO;
				CLANG_ANALYZER_LOCALIZABILITY_NONLOCALIZED = YES;
				CLANG_ANALYZER_NONNULL = YES;
				CLANG_ANALYZER_NUMBER_OBJECT_CONVERSION = YES_AGGRESSIVE;
				CLANG_CXX_LANGUAGE_STANDARD = "gnu++14";
				CLANG_CXX_LIBRARY = "libc++";
				CLANG_ENABLE_MODULES = YES;
				CLANG_ENABLE_OBJC_ARC = YES;
				CLANG_ENABLE_OBJC_WEAK = YES;
				CLANG_WARN_BLOCK_CAPTURE_AUTORELEASING = YES;
				CLANG_WARN_BOOL_CONVERSION = YES;
				CLANG_WARN_COMMA = YES;
				CLANG_WARN_CONSTANT_CONVERSION = YES;
				CLANG_WARN_DEPRECATED_OBJC_IMPLEMENTATIONS = YES;
				CLANG_WARN_DIRECT_OBJC_ISA_USAGE = YES_ERROR;
				CLANG_WARN_DOCUMENTATION_COMMENTS = YES;
				CLANG_WARN_EMPTY_BODY = YES;
				CLANG_WARN_ENUM_CONVERSION = YES;
				CLANG_WARN_INFINITE_RECURSION = YES;
				CLANG_WARN_INT_CONVERSION = YES;
				CLANG_WARN_NON_LITERAL_NULL_CONVERSION = YES;
				CLANG_WARN_OBJC_IMPLICIT_RETAIN_SELF = YES;
				CLANG_WARN_OBJC_LITERAL_CONVERSION = YES;
				CLANG_WARN_OBJC_ROOT_CLASS = YES_ERROR;
				CLANG_WARN_QUOTED_INCLUDE_IN_FRAMEWORK_HEADER = YES;
				CLANG_WARN_RANGE_LOOP_ANALYSIS = YES;
				CLANG_WARN_STRICT_PROTOTYPES = YES;
				CLANG_WARN_SUSPICIOUS_MOVE = YES;
				CLANG_WARN_UNGUARDED_AVAILABILITY = YES_AGGRESSIVE;
				CLANG_WARN_UNREACHABLE_CODE = YES;
				CLANG_WARN__DUPLICATE_METHOD_MATCH = YES;
				COPY_PHASE_STRIP = NO;
				DEBUG_INFORMATION_FORMAT = "dwarf-with-dsym";
				ENABLE_NS_ASSERTIONS = NO;
				ENABLE_STRICT_OBJC_MSGSEND = YES;
				GCC_C_LANGUAGE_STANDARD = gnu11;
				GCC_NO_COMMON_BLOCKS = YES;
				GCC_WARN_64_TO_32_BIT_CONVERSION = YES;
				GCC_WARN_ABOUT_RETURN_TYPE = YES_ERROR;
				GCC_WARN_UNDECLARED_SELECTOR = YES;
				GCC_WARN_UNINITIALIZED_AUTOS = YES_AGGRESSIVE;
				GCC_WARN_UNUSED_FUNCTION = YES;
				GCC_WARN_UNUSED_VARIABLE = YES;
				IPHONEOS_DEPLOYMENT_TARGET = 14.0;
				MTL_ENABLE_DEBUG_INFO = NO;
				MTL_FAST_MATH = YES;
				SDKROOT = iphoneos;
				SWIFT_COMPILATION_MODE = wholemodule;
				SWIFT_OPTIMIZATION_LEVEL = "-O";
				VALIDATE_PRODUCT = YES;
			};
			name = Release;
		};
		187608A526147509006F67CD /* Debug */ = {
			isa = XCBuildConfiguration;
			buildSettings = {
				ASSETCATALOG_COMPILER_APPICON_NAME = AppIcon;
				ASSETCATALOG_COMPILER_GLOBAL_ACCENT_COLOR_NAME = AccentColor;
				CODE_SIGN_ENTITLEMENTS = Taskly/Taskly.entitlements;
				CODE_SIGN_STYLE = Automatic;
				CURRENT_PROJECT_VERSION = 1;
				DEVELOPMENT_ASSET_PATHS = "\"Taskly/Preview Content\"";
				DEVELOPMENT_TEAM = 3K3GFX53DY;
				ENABLE_PREVIEWS = YES;
				INFOPLIST_FILE = Taskly/Info.plist;
				INFOPLIST_KEY_CFBundleDisplayName = Taskly;
				INFOPLIST_KEY_LSApplicationCategoryType = "public.app-category.lifestyle";
				IPHONEOS_DEPLOYMENT_TARGET = 14.0;
				LD_RUNPATH_SEARCH_PATHS = (
					"$(inherited)",
					"@executable_path/Frameworks",
				);
				MARKETING_VERSION = 1.0;
				PRODUCT_BUNDLE_IDENTIFIER = me.cilia.filippo.TasklyAI;
				PRODUCT_NAME = "$(TARGET_NAME)";
				SUPPORTED_PLATFORMS = "iphoneos iphonesimulator";
				SUPPORTS_MACCATALYST = NO;
				SUPPORTS_MAC_DESIGNED_FOR_IPHONE_IPAD = NO;
				SUPPORTS_XR_DESIGNED_FOR_IPHONE_IPAD = NO;
				SWIFT_VERSION = 5.0;
				TARGETED_DEVICE_FAMILY = "1,2";
			};
			name = Debug;
		};
		187608A626147509006F67CD /* Release */ = {
			isa = XCBuildConfiguration;
			buildSettings = {
				ASSETCATALOG_COMPILER_APPICON_NAME = AppIcon;
				ASSETCATALOG_COMPILER_GLOBAL_ACCENT_COLOR_NAME = AccentColor;
				CODE_SIGN_ENTITLEMENTS = Taskly/Taskly.entitlements;
				CODE_SIGN_STYLE = Automatic;
				CURRENT_PROJECT_VERSION = 1;
				DEVELOPMENT_ASSET_PATHS = "\"Taskly/Preview Content\"";
				DEVELOPMENT_TEAM = 3K3GFX53DY;
				ENABLE_PREVIEWS = YES;
				INFOPLIST_FILE = Taskly/Info.plist;
				INFOPLIST_KEY_CFBundleDisplayName = Taskly;
				INFOPLIST_KEY_LSApplicationCategoryType = "public.app-category.lifestyle";
				IPHONEOS_DEPLOYMENT_TARGET = 14.0;
				LD_RUNPATH_SEARCH_PATHS = (
					"$(inherited)",
					"@executable_path/Frameworks",
				);
				MARKETING_VERSION = 1.0;
				PRODUCT_BUNDLE_IDENTIFIER = me.cilia.filippo.TasklyAI;
				PRODUCT_NAME = "$(TARGET_NAME)";
				SUPPORTED_PLATFORMS = "iphoneos iphonesimulator";
				SUPPORTS_MACCATALYST = NO;
				SUPPORTS_MAC_DESIGNED_FOR_IPHONE_IPAD = NO;
				SUPPORTS_XR_DESIGNED_FOR_IPHONE_IPAD = NO;
				SWIFT_VERSION = 5.0;
				TARGETED_DEVICE_FAMILY = "1,2";
			};
			name = Release;
		};
		18A85887261D009500C16F22 /* Debug */ = {
			isa = XCBuildConfiguration;
			buildSettings = {
				BUNDLE_LOADER = "$(TEST_HOST)";
				CODE_SIGN_STYLE = Automatic;
				DEVELOPMENT_TEAM = C2BGSZL929;
				INFOPLIST_FILE = TasklyTests/Info.plist;
				LD_RUNPATH_SEARCH_PATHS = (
					"$(inherited)",
					"@executable_path/Frameworks",
					"@loader_path/Frameworks",
				);
				PRODUCT_BUNDLE_IDENTIFIER = me.cilia.filippo.TasklyTests;
				PRODUCT_NAME = "$(TARGET_NAME)";
				SWIFT_VERSION = 5.0;
				TARGETED_DEVICE_FAMILY = "1,2";
				TEST_HOST = "$(BUILT_PRODUCTS_DIR)/Taskly.app/Taskly";
			};
			name = Debug;
		};
		18A85888261D009500C16F22 /* Release */ = {
			isa = XCBuildConfiguration;
			buildSettings = {
				BUNDLE_LOADER = "$(TEST_HOST)";
				CODE_SIGN_STYLE = Automatic;
				DEVELOPMENT_TEAM = C2BGSZL929;
				INFOPLIST_FILE = TasklyTests/Info.plist;
				LD_RUNPATH_SEARCH_PATHS = (
					"$(inherited)",
					"@executable_path/Frameworks",
					"@loader_path/Frameworks",
				);
				PRODUCT_BUNDLE_IDENTIFIER = me.cilia.filippo.TasklyTests;
				PRODUCT_NAME = "$(TARGET_NAME)";
				SWIFT_VERSION = 5.0;
				TARGETED_DEVICE_FAMILY = "1,2";
				TEST_HOST = "$(BUILT_PRODUCTS_DIR)/Taskly.app/Taskly";
			};
			name = Release;
		};
		18C5BAD9261EE9D100E4749B /* Debug */ = {
			isa = XCBuildConfiguration;
			buildSettings = {
				CODE_SIGN_STYLE = Automatic;
				DEVELOPMENT_TEAM = C2BGSZL929;
				INFOPLIST_FILE = TasklyUITests/Info.plist;
				LD_RUNPATH_SEARCH_PATHS = (
					"$(inherited)",
					"@executable_path/Frameworks",
					"@loader_path/Frameworks",
				);
				PRODUCT_BUNDLE_IDENTIFIER = me.cilia.filippo.TasklyUITests;
				PRODUCT_NAME = "$(TARGET_NAME)";
				SWIFT_VERSION = 5.0;
				TARGETED_DEVICE_FAMILY = "1,2";
				TEST_TARGET_NAME = Taskly;
			};
			name = Debug;
		};
		18C5BADA261EE9D100E4749B /* Release */ = {
			isa = XCBuildConfiguration;
			buildSettings = {
				CODE_SIGN_STYLE = Automatic;
				DEVELOPMENT_TEAM = C2BGSZL929;
				INFOPLIST_FILE = TasklyUITests/Info.plist;
				LD_RUNPATH_SEARCH_PATHS = (
					"$(inherited)",
					"@executable_path/Frameworks",
					"@loader_path/Frameworks",
				);
				PRODUCT_BUNDLE_IDENTIFIER = me.cilia.filippo.TasklyUITests;
				PRODUCT_NAME = "$(TARGET_NAME)";
				SWIFT_VERSION = 5.0;
				TARGETED_DEVICE_FAMILY = "1,2";
				TEST_TARGET_NAME = Taskly;
			};
			name = Release;
		};
/* End XCBuildConfiguration section */

/* Begin XCConfigurationList section */
		1876089026147508006F67CD /* Build configuration list for PBXProject "Taskly" */ = {
			isa = XCConfigurationList;
			buildConfigurations = (
				187608A226147509006F67CD /* Debug */,
				187608A326147509006F67CD /* Release */,
			);
			defaultConfigurationIsVisible = 0;
			defaultConfigurationName = Release;
		};
		187608A426147509006F67CD /* Build configuration list for PBXNativeTarget "Taskly" */ = {
			isa = XCConfigurationList;
			buildConfigurations = (
				187608A526147509006F67CD /* Debug */,
				187608A626147509006F67CD /* Release */,
			);
			defaultConfigurationIsVisible = 0;
			defaultConfigurationName = Release;
		};
		18A85886261D009500C16F22 /* Build configuration list for PBXNativeTarget "TasklyTests" */ = {
			isa = XCConfigurationList;
			buildConfigurations = (
				18A85887261D009500C16F22 /* Debug */,
				18A85888261D009500C16F22 /* Release */,
			);
			defaultConfigurationIsVisible = 0;
			defaultConfigurationName = Release;
		};
		18C5BAD8261EE9D100E4749B /* Build configuration list for PBXNativeTarget "TasklyUITests" */ = {
			isa = XCConfigurationList;
			buildConfigurations = (
				18C5BAD9261EE9D100E4749B /* Debug */,
				18C5BADA261EE9D100E4749B /* Release */,
			);
			defaultConfigurationIsVisible = 0;
			defaultConfigurationName = Release;
		};
/* End XCConfigurationList section */

/* Begin XCVersionGroup section */
		187608A8261475BC006F67CD /* Main.xcdatamodeld */ = {
			isa = XCVersionGroup;
			children = (
				187608A9261475BC006F67CD /* Main.xcdatamodel */,
			);
			currentVersion = 187608A9261475BC006F67CD /* Main.xcdatamodel */;
			path = Main.xcdatamodeld;
			sourceTree = "<group>";
			versionGroupType = wrapper.xcdatamodel;
		};
/* End XCVersionGroup section */
	};
	rootObject = 1876088D26147508006F67CD /* Project object */;
}
